
Microsoft Visual Studio Solution File, Format Version 12.00
# Visual Studio Version 16
VisualStudioVersion = 16.0.29920.165
MinimumVisualStudioVersion = 10.0.40219.1
Project("{FAE04EC0-301F-11D3-BF4B-00C04F79EFBC}") = "ProyectoED2", "ProyectoED2.csproj", "{9CCB5CBC-318C-4080-B705-0FA1FE2C8675}"
EndProject
Global
	GlobalSection(SolutionConfigurationPlatforms) = preSolution
		Debug|Any CPU = Debug|Any CPU
		Release|Any CPU = Release|Any CPU
	EndGlobalSection
	GlobalSection(ProjectConfigurationPlatforms) = postSolution
		{9CCB5CBC-318C-4080-B705-0FA1FE2C8675}.Debug|Any CPU.ActiveCfg = Debug|Any CPU
		{9CCB5CBC-318C-4080-B705-0FA1FE2C8675}.Debug|Any CPU.Build.0 = Debug|Any CPU
		{9CCB5CBC-318C-4080-B705-0FA1FE2C8675}.Release|Any CPU.ActiveCfg = Release|Any CPU
		{9CCB5CBC-318C-4080-B705-0FA1FE2C8675}.Release|Any CPU.Build.0 = Release|Any CPU
	EndGlobalSection
	GlobalSection(SolutionProperties) = preSolution
		HideSolutionNode = FALSE
	EndGlobalSection
	GlobalSection(ExtensibilityGlobals) = postSolution
		SolutionGuid = {8D61D236-430E-4C98-925D-5EEBE8E91D07}
	EndGlobalSection
EndGlobal
